
Microsoft Visual Studio Solution File, Format Version 12.00
# Visual Studio Version 17
VisualStudioVersion = 17.2.32616.157
MinimumVisualStudioVersion = 10.0.40219.1
Project("{FAE04EC0-301F-11D3-BF4B-00C04F79EFBC}") = "Oceanic.SearchEngine", "Oceanic.SearchEngine\Oceanic.SearchEngine.csproj", "{4856D8FD-C664-4DCF-B131-24C5B3E98A8A}"
EndProject
Project("{FAE04EC0-301F-11D3-BF4B-00C04F79EFBC}") = "Oceanic.SearchEngine.Data", "..\Oceanic.SearchEngine.Data\Oceanic.SearchEngine.Data.csproj", "{3E5BEB79-4B12-4646-803B-A62BBD760D93}"
EndProject
Global
	GlobalSection(SolutionConfigurationPlatforms) = preSolution
		Debug|Any CPU = Debug|Any CPU
		Release|Any CPU = Release|Any CPU
	EndGlobalSection
	GlobalSection(ProjectConfigurationPlatforms) = postSolution
		{4856D8FD-C664-4DCF-B131-24C5B3E98A8A}.Debug|Any CPU.ActiveCfg = Debug|Any CPU
		{4856D8FD-C664-4DCF-B131-24C5B3E98A8A}.Debug|Any CPU.Build.0 = Debug|Any CPU
		{4856D8FD-C664-4DCF-B131-24C5B3E98A8A}.Release|Any CPU.ActiveCfg = Release|Any CPU
		{4856D8FD-C664-4DCF-B131-24C5B3E98A8A}.Release|Any CPU.Build.0 = Release|Any CPU
		{3E5BEB79-4B12-4646-803B-A62BBD760D93}.Debug|Any CPU.ActiveCfg = Debug|Any CPU
		{3E5BEB79-4B12-4646-803B-A62BBD760D93}.Debug|Any CPU.Build.0 = Debug|Any CPU
		{3E5BEB79-4B12-4646-803B-A62BBD760D93}.Release|Any CPU.ActiveCfg = Release|Any CPU
		{3E5BEB79-4B12-4646-803B-A62BBD760D93}.Release|Any CPU.Build.0 = Release|Any CPU
	EndGlobalSection
	GlobalSection(SolutionProperties) = preSolution
		HideSolutionNode = FALSE
	EndGlobalSection
	GlobalSection(ExtensibilityGlobals) = postSolution
		SolutionGuid = {FED1B83C-2460-4975-89B4-FB9B8F8F707D}
	EndGlobalSection
EndGlobal
